
Microsoft Visual Studio Solution File, Format Version 12.00
# Visual Studio Version 17
VisualStudioVersion = 17.5.33424.131
MinimumVisualStudioVersion = 10.0.40219.1
Project("{2150E333-8FDC-42A3-9474-1A3956D46DE8}") = "Microservices", "Microservices", "{F38A404F-2813-4CB1-89D5-9359C7D0EE77}"
EndProject
Project("{2150E333-8FDC-42A3-9474-1A3956D46DE8}") = "Chat", "Chat", "{1A0597EC-70D5-4655-9CEC-59E1503398A1}"
EndProject
Project("{2150E333-8FDC-42A3-9474-1A3956D46DE8}") = "Bot", "Bot", "{573CE421-04FF-46B9-A90C-43EF4311A8D5}"
EndProject
Project("{2150E333-8FDC-42A3-9474-1A3956D46DE8}") = "Front", "Front", "{32B8CAC9-8BBC-46E7-83E7-6312A25989B8}"
EndProject
Project("{9A19103F-16F7-4668-BE54-9A1E7A4F7556}") = "Chat.UI", "Chat.UI\Chat.UI.csproj", "{B29270B8-C90B-476E-AF70-A6D160E19C57}"
EndProject
Project("{2150E333-8FDC-42A3-9474-1A3956D46DE8}") = "Domain", "Domain", "{0F6401B5-0267-44CA-AA4E-708CA370B4EF}"
EndProject
Project("{2150E333-8FDC-42A3-9474-1A3956D46DE8}") = "Domain", "Domain", "{69F728B3-9FBE-4C79-9173-0FE8F9CFD533}"
EndProject
Project("{9A19103F-16F7-4668-BE54-9A1E7A4F7556}") = "Bus.Domain", "Bus.Domain\Bus.Domain.csproj", "{46F389C0-38CB-47AC-97F5-6A0081FFC87B}"
EndProject
Project("{2150E333-8FDC-42A3-9474-1A3956D46DE8}") = "Infrastructure", "Infrastructure", "{6230D775-BD21-45B6-9721-D2A031985A29}"
EndProject
Project("{9A19103F-16F7-4668-BE54-9A1E7A4F7556}") = "Bus.Infrastructure", "Bus.Infrastructure\Bus.Infrastructure.csproj", "{A1450D39-791E-4633-B89E-3222219E10FF}"
EndProject
Project("{2150E333-8FDC-42A3-9474-1A3956D46DE8}") = "Ioc", "Ioc", "{60703FBA-9DA7-42BC-9E14-3302C5B8B7B6}"
EndProject
Project("{9A19103F-16F7-4668-BE54-9A1E7A4F7556}") = "Bus.Infrastructure.IoC", "Bus.Infrastructure.IoC\Bus.Infrastructure.IoC.csproj", "{AB4D9AF1-310A-4C72-B8FD-B3C7DD3B00BE}"
EndProject
Global
	GlobalSection(SolutionConfigurationPlatforms) = preSolution
		Debug|Any CPU = Debug|Any CPU
		Release|Any CPU = Release|Any CPU
	EndGlobalSection
	GlobalSection(ProjectConfigurationPlatforms) = postSolution
		{B29270B8-C90B-476E-AF70-A6D160E19C57}.Debug|Any CPU.ActiveCfg = Debug|Any CPU
		{B29270B8-C90B-476E-AF70-A6D160E19C57}.Debug|Any CPU.Build.0 = Debug|Any CPU
		{B29270B8-C90B-476E-AF70-A6D160E19C57}.Release|Any CPU.ActiveCfg = Release|Any CPU
		{B29270B8-C90B-476E-AF70-A6D160E19C57}.Release|Any CPU.Build.0 = Release|Any CPU
		{46F389C0-38CB-47AC-97F5-6A0081FFC87B}.Debug|Any CPU.ActiveCfg = Debug|Any CPU
		{46F389C0-38CB-47AC-97F5-6A0081FFC87B}.Debug|Any CPU.Build.0 = Debug|Any CPU
		{46F389C0-38CB-47AC-97F5-6A0081FFC87B}.Release|Any CPU.ActiveCfg = Release|Any CPU
		{46F389C0-38CB-47AC-97F5-6A0081FFC87B}.Release|Any CPU.Build.0 = Release|Any CPU
		{A1450D39-791E-4633-B89E-3222219E10FF}.Debug|Any CPU.ActiveCfg = Debug|Any CPU
		{A1450D39-791E-4633-B89E-3222219E10FF}.Debug|Any CPU.Build.0 = Debug|Any CPU
		{A1450D39-791E-4633-B89E-3222219E10FF}.Release|Any CPU.ActiveCfg = Release|Any CPU
		{A1450D39-791E-4633-B89E-3222219E10FF}.Release|Any CPU.Build.0 = Release|Any CPU
		{AB4D9AF1-310A-4C72-B8FD-B3C7DD3B00BE}.Debug|Any CPU.ActiveCfg = Debug|Any CPU
		{AB4D9AF1-310A-4C72-B8FD-B3C7DD3B00BE}.Debug|Any CPU.Build.0 = Debug|Any CPU
		{AB4D9AF1-310A-4C72-B8FD-B3C7DD3B00BE}.Release|Any CPU.ActiveCfg = Release|Any CPU
		{AB4D9AF1-310A-4C72-B8FD-B3C7DD3B00BE}.Release|Any CPU.Build.0 = Release|Any CPU
	EndGlobalSection
	GlobalSection(SolutionProperties) = preSolution
		HideSolutionNode = FALSE
	EndGlobalSection
	GlobalSection(NestedProjects) = preSolution
		{1A0597EC-70D5-4655-9CEC-59E1503398A1} = {F38A404F-2813-4CB1-89D5-9359C7D0EE77}
		{573CE421-04FF-46B9-A90C-43EF4311A8D5} = {F38A404F-2813-4CB1-89D5-9359C7D0EE77}
		{32B8CAC9-8BBC-46E7-83E7-6312A25989B8} = {1A0597EC-70D5-4655-9CEC-59E1503398A1}
		{B29270B8-C90B-476E-AF70-A6D160E19C57} = {32B8CAC9-8BBC-46E7-83E7-6312A25989B8}
		{0F6401B5-0267-44CA-AA4E-708CA370B4EF} = {1A0597EC-70D5-4655-9CEC-59E1503398A1}
		{46F389C0-38CB-47AC-97F5-6A0081FFC87B} = {69F728B3-9FBE-4C79-9173-0FE8F9CFD533}
		{A1450D39-791E-4633-B89E-3222219E10FF} = {6230D775-BD21-45B6-9721-D2A031985A29}
		{AB4D9AF1-310A-4C72-B8FD-B3C7DD3B00BE} = {60703FBA-9DA7-42BC-9E14-3302C5B8B7B6}
	EndGlobalSection
	GlobalSection(ExtensibilityGlobals) = postSolution
		SolutionGuid = {69082FB3-0916-424F-BC2E-D2BAB61C4408}
	EndGlobalSection
EndGlobal
