
Microsoft Visual Studio Solution File, Format Version 12.00
# Visual Studio Version 17
VisualStudioVersion = 17.5.33424.131
MinimumVisualStudioVersion = 10.0.40219.1
Project("{2150E333-8FDC-42A3-9474-1A3956D46DE8}") = "Microservices", "Microservices", "{F38A404F-2813-4CB1-89D5-9359C7D0EE77}"
EndProject
Project("{2150E333-8FDC-42A3-9474-1A3956D46DE8}") = "Chat", "Chat", "{1A0597EC-70D5-4655-9CEC-59E1503398A1}"
EndProject
Project("{2150E333-8FDC-42A3-9474-1A3956D46DE8}") = "Bot", "Bot", "{573CE421-04FF-46B9-A90C-43EF4311A8D5}"
EndProject
Project("{2150E333-8FDC-42A3-9474-1A3956D46DE8}") = "Front", "Front", "{32B8CAC9-8BBC-46E7-83E7-6312A25989B8}"
EndProject
Project("{9A19103F-16F7-4668-BE54-9A1E7A4F7556}") = "Chat.UI", "Chat.UI\Chat.UI.csproj", "{B29270B8-C90B-476E-AF70-A6D160E19C57}"
EndProject
Project("{2150E333-8FDC-42A3-9474-1A3956D46DE8}") = "Domain", "Domain", "{69F728B3-9FBE-4C79-9173-0FE8F9CFD533}"
EndProject
Project("{9A19103F-16F7-4668-BE54-9A1E7A4F7556}") = "Bus.Domain", "Bus.Domain\Bus.Domain.csproj", "{46F389C0-38CB-47AC-97F5-6A0081FFC87B}"
EndProject
Project("{2150E333-8FDC-42A3-9474-1A3956D46DE8}") = "Infrastructure", "Infrastructure", "{6230D775-BD21-45B6-9721-D2A031985A29}"
EndProject
Project("{9A19103F-16F7-4668-BE54-9A1E7A4F7556}") = "Bus.Infrastructure", "Bus.Infrastructure\Bus.Infrastructure.csproj", "{A1450D39-791E-4633-B89E-3222219E10FF}"
EndProject
Project("{2150E333-8FDC-42A3-9474-1A3956D46DE8}") = "Ioc", "Ioc", "{60703FBA-9DA7-42BC-9E14-3302C5B8B7B6}"
EndProject
Project("{9A19103F-16F7-4668-BE54-9A1E7A4F7556}") = "Bus.Infrastructure.IoC", "Bus.Infrastructure.IoC\Bus.Infrastructure.IoC.csproj", "{AB4D9AF1-310A-4C72-B8FD-B3C7DD3B00BE}"
EndProject
Project("{2150E333-8FDC-42A3-9474-1A3956D46DE8}") = "API", "API", "{F3B12744-6A2A-44BA-8C9C-2D727BC32900}"
EndProject
Project("{9A19103F-16F7-4668-BE54-9A1E7A4F7556}") = "Bot.Api", "Bot.Api\Bot.Api.csproj", "{13E096B7-B3AB-410C-8938-6AE348303062}"
EndProject
Project("{2150E333-8FDC-42A3-9474-1A3956D46DE8}") = "Domain", "Domain", "{74604235-844C-489B-B485-6F9306BA3DA0}"
EndProject
Project("{9A19103F-16F7-4668-BE54-9A1E7A4F7556}") = "Bot.Domain", "Bot.Domain\Bot.Domain.csproj", "{1B143806-0197-4B80-823A-CE0F16460FB8}"
EndProject
Project("{2150E333-8FDC-42A3-9474-1A3956D46DE8}") = "Application", "Application", "{4A40787F-3603-4FBF-AEE2-34F4D53BFFE0}"
EndProject
Project("{9A19103F-16F7-4668-BE54-9A1E7A4F7556}") = "Bot.Application", "Bot.Application\Bot.Application.csproj", "{995DA966-0195-45EC-B65D-A8A402F1BB27}"
EndProject
Project("{2150E333-8FDC-42A3-9474-1A3956D46DE8}") = "Producer", "Producer", "{764DBDAE-5A7B-43EF-A71E-16E79E9A5F66}"
EndProject
Project("{2150E333-8FDC-42A3-9474-1A3956D46DE8}") = "API", "API", "{4A67B27F-BF82-4A27-9680-72C8E1260659}"
EndProject
Project("{9A19103F-16F7-4668-BE54-9A1E7A4F7556}") = "Producer.Api", "Producer.Api\Producer.Api.csproj", "{A21C5B75-7399-4591-B6AC-543458872A4A}"
EndProject
Project("{2150E333-8FDC-42A3-9474-1A3956D46DE8}") = "Application", "Application", "{E24DB8E5-292E-492E-96BF-E745820D1557}"
EndProject
Project("{2150E333-8FDC-42A3-9474-1A3956D46DE8}") = "Domain", "Domain", "{0E9C2B1B-0335-45D9-9275-196296421F74}"
EndProject
Project("{9A19103F-16F7-4668-BE54-9A1E7A4F7556}") = "Producer.Domain", "Producer.Domain\Producer.Domain.csproj", "{06A50E07-FF39-4129-8B29-C41C9CFB12A6}"
EndProject
Project("{9A19103F-16F7-4668-BE54-9A1E7A4F7556}") = "Producer.Application", "Producer.Application\Producer.Application.csproj", "{41C465A9-645C-4294-AD1A-F57FBA5FA969}"
EndProject
Project("{2150E333-8FDC-42A3-9474-1A3956D46DE8}") = "Infrastructure", "Infrastructure", "{7EE3AF78-33A0-4E43-A007-F0881C9D867A}"
EndProject
Project("{9A19103F-16F7-4668-BE54-9A1E7A4F7556}") = "Chat.Infrastructure", "Chat.Infrastructure\Chat.Infrastructure.csproj", "{6EE1617D-3C39-4BE1-AB00-A8DE81B96598}"
EndProject
Project("{2150E333-8FDC-42A3-9474-1A3956D46DE8}") = "Application", "Application", "{0916605E-7DDD-4C58-855E-48050C030EDB}"
EndProject
Project("{9A19103F-16F7-4668-BE54-9A1E7A4F7556}") = "Chat.Application", "Chat.Application\Chat.Application.csproj", "{47BDA794-2984-44D3-B676-E89B7E1F3ED6}"
EndProject
Project("{2150E333-8FDC-42A3-9474-1A3956D46DE8}") = "Domain", "Domain", "{D2A9D94E-4707-4114-A66E-BAF8F837FB92}"
EndProject
Project("{9A19103F-16F7-4668-BE54-9A1E7A4F7556}") = "Chat.Domain", "Chat.Domain\Chat.Domain.csproj", "{815D1EB9-7B53-4A79-83CE-3709F1601A78}"
EndProject
Project("{2150E333-8FDC-42A3-9474-1A3956D46DE8}") = "Infrastructure", "Infrastructure", "{4D4FEC62-A358-4FC7-B6FE-BEC3F2126C7A}"
EndProject
Project("{9A19103F-16F7-4668-BE54-9A1E7A4F7556}") = "Bot.Infrastructure", "Bot.Infrastructure\Bot.Infrastructure.csproj", "{474BB649-A42D-4D4B-836F-D9AE73B53711}"
EndProject
Project("{E53339B2-1760-4266-BCC7-CA923CBCF16C}") = "docker-compose", "docker-compose.dcproj", "{1C756B0D-771C-41AA-8317-170F966AC3AF}"
EndProject
Project("{2150E333-8FDC-42A3-9474-1A3956D46DE8}") = "Test", "Test", "{E394ED93-755C-48E6-A2F7-9989EA16F789}"
EndProject
Project("{FAE04EC0-301F-11D3-BF4B-00C04F79EFBC}") = "Chat.Test", "Chat.Test\Chat.Test.csproj", "{58268836-9949-424B-9B6B-C470F7884E95}"
EndProject
Global
	GlobalSection(SolutionConfigurationPlatforms) = preSolution
		Debug|Any CPU = Debug|Any CPU
		Release|Any CPU = Release|Any CPU
	EndGlobalSection
	GlobalSection(ProjectConfigurationPlatforms) = postSolution
		{B29270B8-C90B-476E-AF70-A6D160E19C57}.Debug|Any CPU.ActiveCfg = Debug|Any CPU
		{B29270B8-C90B-476E-AF70-A6D160E19C57}.Debug|Any CPU.Build.0 = Debug|Any CPU
		{B29270B8-C90B-476E-AF70-A6D160E19C57}.Release|Any CPU.ActiveCfg = Release|Any CPU
		{B29270B8-C90B-476E-AF70-A6D160E19C57}.Release|Any CPU.Build.0 = Release|Any CPU
		{46F389C0-38CB-47AC-97F5-6A0081FFC87B}.Debug|Any CPU.ActiveCfg = Debug|Any CPU
		{46F389C0-38CB-47AC-97F5-6A0081FFC87B}.Debug|Any CPU.Build.0 = Debug|Any CPU
		{46F389C0-38CB-47AC-97F5-6A0081FFC87B}.Release|Any CPU.ActiveCfg = Release|Any CPU
		{46F389C0-38CB-47AC-97F5-6A0081FFC87B}.Release|Any CPU.Build.0 = Release|Any CPU
		{A1450D39-791E-4633-B89E-3222219E10FF}.Debug|Any CPU.ActiveCfg = Debug|Any CPU
		{A1450D39-791E-4633-B89E-3222219E10FF}.Debug|Any CPU.Build.0 = Debug|Any CPU
		{A1450D39-791E-4633-B89E-3222219E10FF}.Release|Any CPU.ActiveCfg = Release|Any CPU
		{A1450D39-791E-4633-B89E-3222219E10FF}.Release|Any CPU.Build.0 = Release|Any CPU
		{AB4D9AF1-310A-4C72-B8FD-B3C7DD3B00BE}.Debug|Any CPU.ActiveCfg = Debug|Any CPU
		{AB4D9AF1-310A-4C72-B8FD-B3C7DD3B00BE}.Debug|Any CPU.Build.0 = Debug|Any CPU
		{AB4D9AF1-310A-4C72-B8FD-B3C7DD3B00BE}.Release|Any CPU.ActiveCfg = Release|Any CPU
		{AB4D9AF1-310A-4C72-B8FD-B3C7DD3B00BE}.Release|Any CPU.Build.0 = Release|Any CPU
		{13E096B7-B3AB-410C-8938-6AE348303062}.Debug|Any CPU.ActiveCfg = Debug|Any CPU
		{13E096B7-B3AB-410C-8938-6AE348303062}.Debug|Any CPU.Build.0 = Debug|Any CPU
		{13E096B7-B3AB-410C-8938-6AE348303062}.Release|Any CPU.ActiveCfg = Release|Any CPU
		{13E096B7-B3AB-410C-8938-6AE348303062}.Release|Any CPU.Build.0 = Release|Any CPU
		{1B143806-0197-4B80-823A-CE0F16460FB8}.Debug|Any CPU.ActiveCfg = Debug|Any CPU
		{1B143806-0197-4B80-823A-CE0F16460FB8}.Debug|Any CPU.Build.0 = Debug|Any CPU
		{1B143806-0197-4B80-823A-CE0F16460FB8}.Release|Any CPU.ActiveCfg = Release|Any CPU
		{1B143806-0197-4B80-823A-CE0F16460FB8}.Release|Any CPU.Build.0 = Release|Any CPU
		{995DA966-0195-45EC-B65D-A8A402F1BB27}.Debug|Any CPU.ActiveCfg = Debug|Any CPU
		{995DA966-0195-45EC-B65D-A8A402F1BB27}.Debug|Any CPU.Build.0 = Debug|Any CPU
		{995DA966-0195-45EC-B65D-A8A402F1BB27}.Release|Any CPU.ActiveCfg = Release|Any CPU
		{995DA966-0195-45EC-B65D-A8A402F1BB27}.Release|Any CPU.Build.0 = Release|Any CPU
		{A21C5B75-7399-4591-B6AC-543458872A4A}.Debug|Any CPU.ActiveCfg = Debug|Any CPU
		{A21C5B75-7399-4591-B6AC-543458872A4A}.Debug|Any CPU.Build.0 = Debug|Any CPU
		{A21C5B75-7399-4591-B6AC-543458872A4A}.Release|Any CPU.ActiveCfg = Release|Any CPU
		{A21C5B75-7399-4591-B6AC-543458872A4A}.Release|Any CPU.Build.0 = Release|Any CPU
		{06A50E07-FF39-4129-8B29-C41C9CFB12A6}.Debug|Any CPU.ActiveCfg = Debug|Any CPU
		{06A50E07-FF39-4129-8B29-C41C9CFB12A6}.Debug|Any CPU.Build.0 = Debug|Any CPU
		{06A50E07-FF39-4129-8B29-C41C9CFB12A6}.Release|Any CPU.ActiveCfg = Release|Any CPU
		{06A50E07-FF39-4129-8B29-C41C9CFB12A6}.Release|Any CPU.Build.0 = Release|Any CPU
		{41C465A9-645C-4294-AD1A-F57FBA5FA969}.Debug|Any CPU.ActiveCfg = Debug|Any CPU
		{41C465A9-645C-4294-AD1A-F57FBA5FA969}.Debug|Any CPU.Build.0 = Debug|Any CPU
		{41C465A9-645C-4294-AD1A-F57FBA5FA969}.Release|Any CPU.ActiveCfg = Release|Any CPU
		{41C465A9-645C-4294-AD1A-F57FBA5FA969}.Release|Any CPU.Build.0 = Release|Any CPU
		{6EE1617D-3C39-4BE1-AB00-A8DE81B96598}.Debug|Any CPU.ActiveCfg = Debug|Any CPU
		{6EE1617D-3C39-4BE1-AB00-A8DE81B96598}.Debug|Any CPU.Build.0 = Debug|Any CPU
		{6EE1617D-3C39-4BE1-AB00-A8DE81B96598}.Release|Any CPU.ActiveCfg = Release|Any CPU
		{6EE1617D-3C39-4BE1-AB00-A8DE81B96598}.Release|Any CPU.Build.0 = Release|Any CPU
		{47BDA794-2984-44D3-B676-E89B7E1F3ED6}.Debug|Any CPU.ActiveCfg = Debug|Any CPU
		{47BDA794-2984-44D3-B676-E89B7E1F3ED6}.Debug|Any CPU.Build.0 = Debug|Any CPU
		{47BDA794-2984-44D3-B676-E89B7E1F3ED6}.Release|Any CPU.ActiveCfg = Release|Any CPU
		{47BDA794-2984-44D3-B676-E89B7E1F3ED6}.Release|Any CPU.Build.0 = Release|Any CPU
		{815D1EB9-7B53-4A79-83CE-3709F1601A78}.Debug|Any CPU.ActiveCfg = Debug|Any CPU
		{815D1EB9-7B53-4A79-83CE-3709F1601A78}.Debug|Any CPU.Build.0 = Debug|Any CPU
		{815D1EB9-7B53-4A79-83CE-3709F1601A78}.Release|Any CPU.ActiveCfg = Release|Any CPU
		{815D1EB9-7B53-4A79-83CE-3709F1601A78}.Release|Any CPU.Build.0 = Release|Any CPU
		{474BB649-A42D-4D4B-836F-D9AE73B53711}.Debug|Any CPU.ActiveCfg = Debug|Any CPU
		{474BB649-A42D-4D4B-836F-D9AE73B53711}.Debug|Any CPU.Build.0 = Debug|Any CPU
		{474BB649-A42D-4D4B-836F-D9AE73B53711}.Release|Any CPU.ActiveCfg = Release|Any CPU
		{474BB649-A42D-4D4B-836F-D9AE73B53711}.Release|Any CPU.Build.0 = Release|Any CPU
		{1C756B0D-771C-41AA-8317-170F966AC3AF}.Debug|Any CPU.ActiveCfg = Debug|Any CPU
		{1C756B0D-771C-41AA-8317-170F966AC3AF}.Debug|Any CPU.Build.0 = Debug|Any CPU
		{1C756B0D-771C-41AA-8317-170F966AC3AF}.Release|Any CPU.ActiveCfg = Release|Any CPU
		{1C756B0D-771C-41AA-8317-170F966AC3AF}.Release|Any CPU.Build.0 = Release|Any CPU
		{58268836-9949-424B-9B6B-C470F7884E95}.Debug|Any CPU.ActiveCfg = Debug|Any CPU
		{58268836-9949-424B-9B6B-C470F7884E95}.Debug|Any CPU.Build.0 = Debug|Any CPU
		{58268836-9949-424B-9B6B-C470F7884E95}.Release|Any CPU.ActiveCfg = Release|Any CPU
		{58268836-9949-424B-9B6B-C470F7884E95}.Release|Any CPU.Build.0 = Release|Any CPU
	EndGlobalSection
	GlobalSection(SolutionProperties) = preSolution
		HideSolutionNode = FALSE
	EndGlobalSection
	GlobalSection(NestedProjects) = preSolution
		{1A0597EC-70D5-4655-9CEC-59E1503398A1} = {F38A404F-2813-4CB1-89D5-9359C7D0EE77}
		{573CE421-04FF-46B9-A90C-43EF4311A8D5} = {F38A404F-2813-4CB1-89D5-9359C7D0EE77}
		{32B8CAC9-8BBC-46E7-83E7-6312A25989B8} = {1A0597EC-70D5-4655-9CEC-59E1503398A1}
		{B29270B8-C90B-476E-AF70-A6D160E19C57} = {32B8CAC9-8BBC-46E7-83E7-6312A25989B8}
		{46F389C0-38CB-47AC-97F5-6A0081FFC87B} = {69F728B3-9FBE-4C79-9173-0FE8F9CFD533}
		{A1450D39-791E-4633-B89E-3222219E10FF} = {6230D775-BD21-45B6-9721-D2A031985A29}
		{AB4D9AF1-310A-4C72-B8FD-B3C7DD3B00BE} = {60703FBA-9DA7-42BC-9E14-3302C5B8B7B6}
		{F3B12744-6A2A-44BA-8C9C-2D727BC32900} = {573CE421-04FF-46B9-A90C-43EF4311A8D5}
		{13E096B7-B3AB-410C-8938-6AE348303062} = {F3B12744-6A2A-44BA-8C9C-2D727BC32900}
		{74604235-844C-489B-B485-6F9306BA3DA0} = {573CE421-04FF-46B9-A90C-43EF4311A8D5}
		{1B143806-0197-4B80-823A-CE0F16460FB8} = {74604235-844C-489B-B485-6F9306BA3DA0}
		{4A40787F-3603-4FBF-AEE2-34F4D53BFFE0} = {573CE421-04FF-46B9-A90C-43EF4311A8D5}
		{995DA966-0195-45EC-B65D-A8A402F1BB27} = {4A40787F-3603-4FBF-AEE2-34F4D53BFFE0}
		{764DBDAE-5A7B-43EF-A71E-16E79E9A5F66} = {F38A404F-2813-4CB1-89D5-9359C7D0EE77}
		{4A67B27F-BF82-4A27-9680-72C8E1260659} = {764DBDAE-5A7B-43EF-A71E-16E79E9A5F66}
		{A21C5B75-7399-4591-B6AC-543458872A4A} = {4A67B27F-BF82-4A27-9680-72C8E1260659}
		{E24DB8E5-292E-492E-96BF-E745820D1557} = {764DBDAE-5A7B-43EF-A71E-16E79E9A5F66}
		{0E9C2B1B-0335-45D9-9275-196296421F74} = {764DBDAE-5A7B-43EF-A71E-16E79E9A5F66}
		{06A50E07-FF39-4129-8B29-C41C9CFB12A6} = {0E9C2B1B-0335-45D9-9275-196296421F74}
		{41C465A9-645C-4294-AD1A-F57FBA5FA969} = {E24DB8E5-292E-492E-96BF-E745820D1557}
		{7EE3AF78-33A0-4E43-A007-F0881C9D867A} = {1A0597EC-70D5-4655-9CEC-59E1503398A1}
		{6EE1617D-3C39-4BE1-AB00-A8DE81B96598} = {7EE3AF78-33A0-4E43-A007-F0881C9D867A}
		{0916605E-7DDD-4C58-855E-48050C030EDB} = {1A0597EC-70D5-4655-9CEC-59E1503398A1}
		{47BDA794-2984-44D3-B676-E89B7E1F3ED6} = {0916605E-7DDD-4C58-855E-48050C030EDB}
		{D2A9D94E-4707-4114-A66E-BAF8F837FB92} = {1A0597EC-70D5-4655-9CEC-59E1503398A1}
		{815D1EB9-7B53-4A79-83CE-3709F1601A78} = {D2A9D94E-4707-4114-A66E-BAF8F837FB92}
		{4D4FEC62-A358-4FC7-B6FE-BEC3F2126C7A} = {573CE421-04FF-46B9-A90C-43EF4311A8D5}
		{474BB649-A42D-4D4B-836F-D9AE73B53711} = {4D4FEC62-A358-4FC7-B6FE-BEC3F2126C7A}
		{58268836-9949-424B-9B6B-C470F7884E95} = {E394ED93-755C-48E6-A2F7-9989EA16F789}
	EndGlobalSection
	GlobalSection(ExtensibilityGlobals) = postSolution
		SolutionGuid = {69082FB3-0916-424F-BC2E-D2BAB61C4408}
	EndGlobalSection
EndGlobal
