
Microsoft Visual Studio Solution File, Format Version 12.00
# Visual Studio Version 17
VisualStudioVersion = 17.5.33424.131
MinimumVisualStudioVersion = 10.0.40219.1
Project("{2150E333-8FDC-42A3-9474-1A3956D46DE8}") = "Domain", "Domain", "{E0096FDC-066E-4CAD-A97C-90E8960E9A01}"
EndProject
Project("{2150E333-8FDC-42A3-9474-1A3956D46DE8}") = "Infrastructure", "Infrastructure", "{4DE9CB97-D144-4CE6-A355-518DA3CAAEFE}"
EndProject
Project("{2150E333-8FDC-42A3-9474-1A3956D46DE8}") = "Bus", "Bus", "{D31DD64D-9B31-4188-A14F-5B7D7F27F004}"
EndProject
Project("{2150E333-8FDC-42A3-9474-1A3956D46DE8}") = "IoC", "IoC", "{335E1B80-0623-4D22-A506-21171BCECCD8}"
EndProject
Project("{FAE04EC0-301F-11D3-BF4B-00C04F79EFBC}") = "Chat.Domain", "Chat.Domain\Chat.Domain.csproj", "{79DFABD2-5F01-4BFF-9C41-EC5D8B47D865}"
EndProject
Project("{FAE04EC0-301F-11D3-BF4B-00C04F79EFBC}") = "Chat.Infrastructure.Bus", "Chat.Infrastructure.Bus\Chat.Infrastructure.Bus.csproj", "{CB5A5FA3-230A-4D4C-BE68-15BCA6FBFABC}"
EndProject
Project("{FAE04EC0-301F-11D3-BF4B-00C04F79EFBC}") = "Chat.Infrastructure.IoC", "Chat.Infrastructure.IoC\Chat.Infrastructure.IoC.csproj", "{CC3EFA1A-328C-47C5-B322-9D6C8D36028A}"
EndProject
Project("{2150E333-8FDC-42A3-9474-1A3956D46DE8}") = "Microservices", "Microservices", "{F38A404F-2813-4CB1-89D5-9359C7D0EE77}"
EndProject
Project("{2150E333-8FDC-42A3-9474-1A3956D46DE8}") = "UI", "UI", "{1A0597EC-70D5-4655-9CEC-59E1503398A1}"
EndProject
Project("{2150E333-8FDC-42A3-9474-1A3956D46DE8}") = "Bot", "Bot", "{573CE421-04FF-46B9-A90C-43EF4311A8D5}"
EndProject
Global
	GlobalSection(SolutionConfigurationPlatforms) = preSolution
		Debug|Any CPU = Debug|Any CPU
		Release|Any CPU = Release|Any CPU
	EndGlobalSection
	GlobalSection(ProjectConfigurationPlatforms) = postSolution
		{79DFABD2-5F01-4BFF-9C41-EC5D8B47D865}.Debug|Any CPU.ActiveCfg = Debug|Any CPU
		{79DFABD2-5F01-4BFF-9C41-EC5D8B47D865}.Debug|Any CPU.Build.0 = Debug|Any CPU
		{79DFABD2-5F01-4BFF-9C41-EC5D8B47D865}.Release|Any CPU.ActiveCfg = Release|Any CPU
		{79DFABD2-5F01-4BFF-9C41-EC5D8B47D865}.Release|Any CPU.Build.0 = Release|Any CPU
		{CB5A5FA3-230A-4D4C-BE68-15BCA6FBFABC}.Debug|Any CPU.ActiveCfg = Debug|Any CPU
		{CB5A5FA3-230A-4D4C-BE68-15BCA6FBFABC}.Debug|Any CPU.Build.0 = Debug|Any CPU
		{CB5A5FA3-230A-4D4C-BE68-15BCA6FBFABC}.Release|Any CPU.ActiveCfg = Release|Any CPU
		{CB5A5FA3-230A-4D4C-BE68-15BCA6FBFABC}.Release|Any CPU.Build.0 = Release|Any CPU
		{CC3EFA1A-328C-47C5-B322-9D6C8D36028A}.Debug|Any CPU.ActiveCfg = Debug|Any CPU
		{CC3EFA1A-328C-47C5-B322-9D6C8D36028A}.Debug|Any CPU.Build.0 = Debug|Any CPU
		{CC3EFA1A-328C-47C5-B322-9D6C8D36028A}.Release|Any CPU.ActiveCfg = Release|Any CPU
		{CC3EFA1A-328C-47C5-B322-9D6C8D36028A}.Release|Any CPU.Build.0 = Release|Any CPU
	EndGlobalSection
	GlobalSection(SolutionProperties) = preSolution
		HideSolutionNode = FALSE
	EndGlobalSection
	GlobalSection(NestedProjects) = preSolution
		{D31DD64D-9B31-4188-A14F-5B7D7F27F004} = {4DE9CB97-D144-4CE6-A355-518DA3CAAEFE}
		{335E1B80-0623-4D22-A506-21171BCECCD8} = {4DE9CB97-D144-4CE6-A355-518DA3CAAEFE}
		{79DFABD2-5F01-4BFF-9C41-EC5D8B47D865} = {E0096FDC-066E-4CAD-A97C-90E8960E9A01}
		{CB5A5FA3-230A-4D4C-BE68-15BCA6FBFABC} = {D31DD64D-9B31-4188-A14F-5B7D7F27F004}
		{CC3EFA1A-328C-47C5-B322-9D6C8D36028A} = {335E1B80-0623-4D22-A506-21171BCECCD8}
		{1A0597EC-70D5-4655-9CEC-59E1503398A1} = {F38A404F-2813-4CB1-89D5-9359C7D0EE77}
		{573CE421-04FF-46B9-A90C-43EF4311A8D5} = {F38A404F-2813-4CB1-89D5-9359C7D0EE77}
	EndGlobalSection
	GlobalSection(ExtensibilityGlobals) = postSolution
		SolutionGuid = {69082FB3-0916-424F-BC2E-D2BAB61C4408}
	EndGlobalSection
EndGlobal
